
Microsoft Visual Studio Solution File, Format Version 12.00
# Visual Studio Version 17
VisualStudioVersion = 17.1.32228.430
MinimumVisualStudioVersion = 10.0.40219.1
Project("{9A19103F-16F7-4668-BE54-9A1E7A4F7556}") = "client", "client\client.csproj", "{EE52D9FE-C0C7-4692-96CE-78526448F7EA}"
EndProject
Project("{9A19103F-16F7-4668-BE54-9A1E7A4F7556}") = "server", "server\server.csproj", "{5A44B417-33EE-4292-9B4E-E5581BA6ECD4}"
EndProject
Global
	GlobalSection(SolutionConfigurationPlatforms) = preSolution
		Debug|Any CPU = Debug|Any CPU
		Release|Any CPU = Release|Any CPU
	EndGlobalSection
	GlobalSection(ProjectConfigurationPlatforms) = postSolution
		{EE52D9FE-C0C7-4692-96CE-78526448F7EA}.Debug|Any CPU.ActiveCfg = Debug|Any CPU
		{EE52D9FE-C0C7-4692-96CE-78526448F7EA}.Debug|Any CPU.Build.0 = Debug|Any CPU
		{EE52D9FE-C0C7-4692-96CE-78526448F7EA}.Release|Any CPU.ActiveCfg = Release|Any CPU
		{EE52D9FE-C0C7-4692-96CE-78526448F7EA}.Release|Any CPU.Build.0 = Release|Any CPU
		{5A44B417-33EE-4292-9B4E-E5581BA6ECD4}.Debug|Any CPU.ActiveCfg = Debug|Any CPU
		{5A44B417-33EE-4292-9B4E-E5581BA6ECD4}.Debug|Any CPU.Build.0 = Debug|Any CPU
		{5A44B417-33EE-4292-9B4E-E5581BA6ECD4}.Release|Any CPU.ActiveCfg = Release|Any CPU
		{5A44B417-33EE-4292-9B4E-E5581BA6ECD4}.Release|Any CPU.Build.0 = Release|Any CPU
	EndGlobalSection
	GlobalSection(SolutionProperties) = preSolution
		HideSolutionNode = FALSE
	EndGlobalSection
	GlobalSection(ExtensibilityGlobals) = postSolution
		SolutionGuid = {456577F8-CB7C-4B28-8117-96AFBAEB3C69}
	EndGlobalSection
EndGlobal
